
Microsoft Visual Studio Solution File, Format Version 12.00
# Visual Studio Version 16
VisualStudioVersion = 16.0.28922.388
MinimumVisualStudioVersion = 10.0.40219.1
Project("{FAE04EC0-301F-11D3-BF4B-00C04F79EFBC}") = "GraphqlCoreDemo.Web", "GraphqlCoreDemo.Web\GraphqlCoreDemo.Web.csproj", "{A6D33A1B-5CE2-448E-A47F-FCC02543AF64}"
EndProject
Project("{FAE04EC0-301F-11D3-BF4B-00C04F79EFBC}") = "GraphqlCoreDemo.Core", "GraphqlCoreDemo.Core\GraphqlCoreDemo.Core.csproj", "{401FAA8C-C06C-4F40-93EB-A172F31D8251}"
EndProject
Project("{FAE04EC0-301F-11D3-BF4B-00C04F79EFBC}") = "GraphqlCoreDemo.Infrastructure", "GraphqlCoreDemo.Infrastructure\GraphqlCoreDemo.Infrastructure.csproj", "{A42359C1-872D-44BC-BDEE-108A8CE1FA65}"
EndProject
Global
	GlobalSection(SolutionConfigurationPlatforms) = preSolution
		Debug|Any CPU = Debug|Any CPU
		Release|Any CPU = Release|Any CPU
	EndGlobalSection
	GlobalSection(ProjectConfigurationPlatforms) = postSolution
		{A6D33A1B-5CE2-448E-A47F-FCC02543AF64}.Debug|Any CPU.ActiveCfg = Debug|Any CPU
		{A6D33A1B-5CE2-448E-A47F-FCC02543AF64}.Debug|Any CPU.Build.0 = Debug|Any CPU
		{A6D33A1B-5CE2-448E-A47F-FCC02543AF64}.Release|Any CPU.ActiveCfg = Release|Any CPU
		{A6D33A1B-5CE2-448E-A47F-FCC02543AF64}.Release|Any CPU.Build.0 = Release|Any CPU
		{401FAA8C-C06C-4F40-93EB-A172F31D8251}.Debug|Any CPU.ActiveCfg = Debug|Any CPU
		{401FAA8C-C06C-4F40-93EB-A172F31D8251}.Debug|Any CPU.Build.0 = Debug|Any CPU
		{401FAA8C-C06C-4F40-93EB-A172F31D8251}.Release|Any CPU.ActiveCfg = Release|Any CPU
		{401FAA8C-C06C-4F40-93EB-A172F31D8251}.Release|Any CPU.Build.0 = Release|Any CPU
		{A42359C1-872D-44BC-BDEE-108A8CE1FA65}.Debug|Any CPU.ActiveCfg = Debug|Any CPU
		{A42359C1-872D-44BC-BDEE-108A8CE1FA65}.Debug|Any CPU.Build.0 = Debug|Any CPU
		{A42359C1-872D-44BC-BDEE-108A8CE1FA65}.Release|Any CPU.ActiveCfg = Release|Any CPU
		{A42359C1-872D-44BC-BDEE-108A8CE1FA65}.Release|Any CPU.Build.0 = Release|Any CPU
	EndGlobalSection
	GlobalSection(SolutionProperties) = preSolution
		HideSolutionNode = FALSE
	EndGlobalSection
	GlobalSection(ExtensibilityGlobals) = postSolution
		SolutionGuid = {9CF80CAA-08A6-492B-8596-DF2535270457}
	EndGlobalSection
EndGlobal
